
Microsoft Visual Studio Solution File, Format Version 12.00
# Visual Studio Version 17
VisualStudioVersion = 17.12.35707.178
MinimumVisualStudioVersion = 10.0.40219.1
Project("{FAE04EC0-301F-11D3-BF4B-00C04F79EFBC}") = "SmartSaveApp.Core", "SmartSaveApp.Core\SmartSaveApp.Core.csproj", "{4CFDB11C-C7CB-4375-A9FB-E3DD1E1EA022}"
EndProject
Project("{FAE04EC0-301F-11D3-BF4B-00C04F79EFBC}") = "SmartSaveApp.Application", "SmartSaveApp.Application\SmartSaveApp.Application.csproj", "{29E52FFA-82E9-49D5-9BA7-A52C31BDDDFE}"
EndProject
Project("{FAE04EC0-301F-11D3-BF4B-00C04F79EFBC}") = "SmartSaveApp.Infrastructure", "SmartSaveApp.Infrastructure\SmartSaveApp.Infrastructure.csproj", "{C2346E9C-C3A8-4ADD-A055-96392058A43A}"
EndProject
Project("{FAE04EC0-301F-11D3-BF4B-00C04F79EFBC}") = "SmartSaveApp.API", "SmartSaveApp.API\SmartSaveApp.API.csproj", "{8A87981F-AEE9-4F17-861D-5AAC3A95021E}"
EndProject
Project("{FAE04EC0-301F-11D3-BF4B-00C04F79EFBC}") = "SmartSaveApp.Tests", "SmartSaveApp.Tests\SmartSaveApp.Tests.csproj", "{AFF65B74-CE60-424C-8117-DC0AF55AA686}"
EndProject
Project("{2150E333-8FDC-42A3-9474-1A3956D46DE8}") = "Elementos de la solución", "Elementos de la solución", "{F14EE650-78C6-4CCF-A62F-56DBC97A222A}"
	ProjectSection(SolutionItems) = preProject
		.gitignore = .gitignore
	EndProjectSection
EndProject
Global
	GlobalSection(SolutionConfigurationPlatforms) = preSolution
		Debug|Any CPU = Debug|Any CPU
		Release|Any CPU = Release|Any CPU
	EndGlobalSection
	GlobalSection(ProjectConfigurationPlatforms) = postSolution
		{4CFDB11C-C7CB-4375-A9FB-E3DD1E1EA022}.Debug|Any CPU.ActiveCfg = Debug|Any CPU
		{4CFDB11C-C7CB-4375-A9FB-E3DD1E1EA022}.Debug|Any CPU.Build.0 = Debug|Any CPU
		{4CFDB11C-C7CB-4375-A9FB-E3DD1E1EA022}.Release|Any CPU.ActiveCfg = Release|Any CPU
		{4CFDB11C-C7CB-4375-A9FB-E3DD1E1EA022}.Release|Any CPU.Build.0 = Release|Any CPU
		{29E52FFA-82E9-49D5-9BA7-A52C31BDDDFE}.Debug|Any CPU.ActiveCfg = Debug|Any CPU
		{29E52FFA-82E9-49D5-9BA7-A52C31BDDDFE}.Debug|Any CPU.Build.0 = Debug|Any CPU
		{29E52FFA-82E9-49D5-9BA7-A52C31BDDDFE}.Release|Any CPU.ActiveCfg = Release|Any CPU
		{29E52FFA-82E9-49D5-9BA7-A52C31BDDDFE}.Release|Any CPU.Build.0 = Release|Any CPU
		{C2346E9C-C3A8-4ADD-A055-96392058A43A}.Debug|Any CPU.ActiveCfg = Debug|Any CPU
		{C2346E9C-C3A8-4ADD-A055-96392058A43A}.Debug|Any CPU.Build.0 = Debug|Any CPU
		{C2346E9C-C3A8-4ADD-A055-96392058A43A}.Release|Any CPU.ActiveCfg = Release|Any CPU
		{C2346E9C-C3A8-4ADD-A055-96392058A43A}.Release|Any CPU.Build.0 = Release|Any CPU
		{8A87981F-AEE9-4F17-861D-5AAC3A95021E}.Debug|Any CPU.ActiveCfg = Debug|Any CPU
		{8A87981F-AEE9-4F17-861D-5AAC3A95021E}.Debug|Any CPU.Build.0 = Debug|Any CPU
		{8A87981F-AEE9-4F17-861D-5AAC3A95021E}.Release|Any CPU.ActiveCfg = Release|Any CPU
		{8A87981F-AEE9-4F17-861D-5AAC3A95021E}.Release|Any CPU.Build.0 = Release|Any CPU
		{AFF65B74-CE60-424C-8117-DC0AF55AA686}.Debug|Any CPU.ActiveCfg = Debug|Any CPU
		{AFF65B74-CE60-424C-8117-DC0AF55AA686}.Debug|Any CPU.Build.0 = Debug|Any CPU
		{AFF65B74-CE60-424C-8117-DC0AF55AA686}.Release|Any CPU.ActiveCfg = Release|Any CPU
		{AFF65B74-CE60-424C-8117-DC0AF55AA686}.Release|Any CPU.Build.0 = Release|Any CPU
	EndGlobalSection
	GlobalSection(SolutionProperties) = preSolution
		HideSolutionNode = FALSE
	EndGlobalSection
EndGlobal
